
Microsoft Visual Studio Solution File, Format Version 12.00
# Visual Studio Version 17
VisualStudioVersion = 17.9.34902.65
MinimumVisualStudioVersion = 10.0.40219.1
Project("{FAE04EC0-301F-11D3-BF4B-00C04F79EFBC}") = "SocketServer", "SocketServer\SocketServer.csproj", "{48E90FA7-DAFC-4083-A05B-7E302FFC2DAB}"
EndProject
Global
	GlobalSection(SolutionConfigurationPlatforms) = preSolution
		Debug|Any CPU = Debug|Any CPU
		Release|Any CPU = Release|Any CPU
	EndGlobalSection
	GlobalSection(ProjectConfigurationPlatforms) = postSolution
		{48E90FA7-DAFC-4083-A05B-7E302FFC2DAB}.Debug|Any CPU.ActiveCfg = Debug|Any CPU
		{48E90FA7-DAFC-4083-A05B-7E302FFC2DAB}.Debug|Any CPU.Build.0 = Debug|Any CPU
		{48E90FA7-DAFC-4083-A05B-7E302FFC2DAB}.Release|Any CPU.ActiveCfg = Release|Any CPU
		{48E90FA7-DAFC-4083-A05B-7E302FFC2DAB}.Release|Any CPU.Build.0 = Release|Any CPU
	EndGlobalSection
	GlobalSection(SolutionProperties) = preSolution
		HideSolutionNode = FALSE
	EndGlobalSection
	GlobalSection(ExtensibilityGlobals) = postSolution
		SolutionGuid = {4D809F1D-8CDE-4607-BD04-46D79F8B8390}
	EndGlobalSection
EndGlobal
